
Microsoft Visual Studio Solution File, Format Version 12.00
# Visual Studio 2017
Project("{FAE04EC0-301F-11D3-BF4B-00C04F79EFBC}") = "Project C Prototype", "Project C Prototype.csproj", "{A550ED28-B68D-B298-D2BF-40B0F659B3C9}"
EndProject
Project("{FAE04EC0-301F-11D3-BF4B-00C04F79EFBC}") = "Project C Prototype.Plugins", "Project C Prototype.Plugins.csproj", "{0CB60C4C-11AA-08DF-B65D-F6B9F6AEAF7D}"
EndProject
Project("{FAE04EC0-301F-11D3-BF4B-00C04F79EFBC}") = "Project C Prototype.Editor.Plugins", "Project C Prototype.Editor.Plugins.csproj", "{45E3FC04-3C6B-4108-23A6-B26C503A28AD}"
EndProject
Project("{FAE04EC0-301F-11D3-BF4B-00C04F79EFBC}") = "Project C Prototype.Editor", "Project C Prototype.Editor.csproj", "{243FF59D-E857-2EE2-222A-823370CC56C5}"
EndProject
Global
	GlobalSection(SolutionConfigurationPlatforms) = preSolution
		Debug|Any CPU = Debug|Any CPU
		Release|Any CPU = Release|Any CPU
	EndGlobalSection
	GlobalSection(ProjectConfigurationPlatforms) = postSolution
		{A550ED28-B68D-B298-D2BF-40B0F659B3C9}.Debug|Any CPU.ActiveCfg = Debug|Any CPU
		{A550ED28-B68D-B298-D2BF-40B0F659B3C9}.Debug|Any CPU.Build.0 = Debug|Any CPU
		{A550ED28-B68D-B298-D2BF-40B0F659B3C9}.Release|Any CPU.ActiveCfg = Release|Any CPU
		{A550ED28-B68D-B298-D2BF-40B0F659B3C9}.Release|Any CPU.Build.0 = Release|Any CPU
		{0CB60C4C-11AA-08DF-B65D-F6B9F6AEAF7D}.Debug|Any CPU.ActiveCfg = Debug|Any CPU
		{0CB60C4C-11AA-08DF-B65D-F6B9F6AEAF7D}.Debug|Any CPU.Build.0 = Debug|Any CPU
		{0CB60C4C-11AA-08DF-B65D-F6B9F6AEAF7D}.Release|Any CPU.ActiveCfg = Release|Any CPU
		{0CB60C4C-11AA-08DF-B65D-F6B9F6AEAF7D}.Release|Any CPU.Build.0 = Release|Any CPU
		{45E3FC04-3C6B-4108-23A6-B26C503A28AD}.Debug|Any CPU.ActiveCfg = Debug|Any CPU
		{45E3FC04-3C6B-4108-23A6-B26C503A28AD}.Debug|Any CPU.Build.0 = Debug|Any CPU
		{45E3FC04-3C6B-4108-23A6-B26C503A28AD}.Release|Any CPU.ActiveCfg = Release|Any CPU
		{45E3FC04-3C6B-4108-23A6-B26C503A28AD}.Release|Any CPU.Build.0 = Release|Any CPU
		{243FF59D-E857-2EE2-222A-823370CC56C5}.Debug|Any CPU.ActiveCfg = Debug|Any CPU
		{243FF59D-E857-2EE2-222A-823370CC56C5}.Debug|Any CPU.Build.0 = Debug|Any CPU
		{243FF59D-E857-2EE2-222A-823370CC56C5}.Release|Any CPU.ActiveCfg = Release|Any CPU
		{243FF59D-E857-2EE2-222A-823370CC56C5}.Release|Any CPU.Build.0 = Release|Any CPU
	EndGlobalSection
	GlobalSection(SolutionProperties) = preSolution
		HideSolutionNode = FALSE
	EndGlobalSection
EndGlobal
