
Microsoft Visual Studio Solution File, Format Version 12.00
# Visual Studio 2017
Project("{FAE04EC0-301F-11D3-BF4B-00C04F79EFBC}") = "Proyect", "Proyect.csproj", "{520B577B-159A-FD79-A043-A942A50FE043}"
EndProject
Project("{FAE04EC0-301F-11D3-BF4B-00C04F79EFBC}") = "Proyect.Plugins", "Proyect.Plugins.csproj", "{EBF517D3-AA37-416F-A902-D75D7CD6CB19}"
EndProject
Project("{FAE04EC0-301F-11D3-BF4B-00C04F79EFBC}") = "Proyect.Editor.Plugins", "Proyect.Editor.Plugins.csproj", "{514EE92A-4DDD-1C42-6634-447DDD0515F7}"
EndProject
Project("{FAE04EC0-301F-11D3-BF4B-00C04F79EFBC}") = "Proyect.Editor", "Proyect.Editor.csproj", "{644FA988-B6E5-E6C8-5C0C-29679FE904CD}"
EndProject
Global
	GlobalSection(SolutionConfigurationPlatforms) = preSolution
		Debug|Any CPU = Debug|Any CPU
		Release|Any CPU = Release|Any CPU
	EndGlobalSection
	GlobalSection(ProjectConfigurationPlatforms) = postSolution
		{520B577B-159A-FD79-A043-A942A50FE043}.Debug|Any CPU.ActiveCfg = Debug|Any CPU
		{520B577B-159A-FD79-A043-A942A50FE043}.Debug|Any CPU.Build.0 = Debug|Any CPU
		{520B577B-159A-FD79-A043-A942A50FE043}.Release|Any CPU.ActiveCfg = Release|Any CPU
		{520B577B-159A-FD79-A043-A942A50FE043}.Release|Any CPU.Build.0 = Release|Any CPU
		{EBF517D3-AA37-416F-A902-D75D7CD6CB19}.Debug|Any CPU.ActiveCfg = Debug|Any CPU
		{EBF517D3-AA37-416F-A902-D75D7CD6CB19}.Debug|Any CPU.Build.0 = Debug|Any CPU
		{EBF517D3-AA37-416F-A902-D75D7CD6CB19}.Release|Any CPU.ActiveCfg = Release|Any CPU
		{EBF517D3-AA37-416F-A902-D75D7CD6CB19}.Release|Any CPU.Build.0 = Release|Any CPU
		{514EE92A-4DDD-1C42-6634-447DDD0515F7}.Debug|Any CPU.ActiveCfg = Debug|Any CPU
		{514EE92A-4DDD-1C42-6634-447DDD0515F7}.Debug|Any CPU.Build.0 = Debug|Any CPU
		{514EE92A-4DDD-1C42-6634-447DDD0515F7}.Release|Any CPU.ActiveCfg = Release|Any CPU
		{514EE92A-4DDD-1C42-6634-447DDD0515F7}.Release|Any CPU.Build.0 = Release|Any CPU
		{644FA988-B6E5-E6C8-5C0C-29679FE904CD}.Debug|Any CPU.ActiveCfg = Debug|Any CPU
		{644FA988-B6E5-E6C8-5C0C-29679FE904CD}.Debug|Any CPU.Build.0 = Debug|Any CPU
		{644FA988-B6E5-E6C8-5C0C-29679FE904CD}.Release|Any CPU.ActiveCfg = Release|Any CPU
		{644FA988-B6E5-E6C8-5C0C-29679FE904CD}.Release|Any CPU.Build.0 = Release|Any CPU
	EndGlobalSection
	GlobalSection(SolutionProperties) = preSolution
		HideSolutionNode = FALSE
	EndGlobalSection
EndGlobal
